
Microsoft Visual Studio Solution File, Format Version 12.00
# Visual Studio Version 16
VisualStudioVersion = 16.0.30503.244
MinimumVisualStudioVersion = 10.0.40219.1
Project("{9A19103F-16F7-4668-BE54-9A1E7A4F7556}") = "DYClubs", "DYClubs\DYClubs.csproj", "{10598E5A-80EA-4864-990D-F9C6EAEEF744}"
EndProject
Project("{FAE04EC0-301F-11D3-BF4B-00C04F79EFBC}") = "DYClassLibrary", "DYClassLibrary\DYClassLibrary.csproj", "{16C2A9A2-5759-4126-8BE0-127D0AADF46A}"
EndProject
Global
	GlobalSection(SolutionConfigurationPlatforms) = preSolution
		Debug|Any CPU = Debug|Any CPU
		Release|Any CPU = Release|Any CPU
	EndGlobalSection
	GlobalSection(ProjectConfigurationPlatforms) = postSolution
		{10598E5A-80EA-4864-990D-F9C6EAEEF744}.Debug|Any CPU.ActiveCfg = Debug|Any CPU
		{10598E5A-80EA-4864-990D-F9C6EAEEF744}.Debug|Any CPU.Build.0 = Debug|Any CPU
		{10598E5A-80EA-4864-990D-F9C6EAEEF744}.Release|Any CPU.ActiveCfg = Release|Any CPU
		{10598E5A-80EA-4864-990D-F9C6EAEEF744}.Release|Any CPU.Build.0 = Release|Any CPU
		{16C2A9A2-5759-4126-8BE0-127D0AADF46A}.Debug|Any CPU.ActiveCfg = Debug|Any CPU
		{16C2A9A2-5759-4126-8BE0-127D0AADF46A}.Debug|Any CPU.Build.0 = Debug|Any CPU
		{16C2A9A2-5759-4126-8BE0-127D0AADF46A}.Release|Any CPU.ActiveCfg = Release|Any CPU
		{16C2A9A2-5759-4126-8BE0-127D0AADF46A}.Release|Any CPU.Build.0 = Release|Any CPU
	EndGlobalSection
	GlobalSection(SolutionProperties) = preSolution
		HideSolutionNode = FALSE
	EndGlobalSection
	GlobalSection(ExtensibilityGlobals) = postSolution
		SolutionGuid = {0A7EAA0C-6145-4215-AE28-95D0DFB72620}
	EndGlobalSection
EndGlobal
